
Microsoft Visual Studio Solution File, Format Version 12.00
# Visual Studio Version 17
VisualStudioVersion = 17.1.32228.430
MinimumVisualStudioVersion = 10.0.40219.1
Project("{9A19103F-16F7-4668-BE54-9A1E7A4F7556}") = "PokeSci", "PokeSci\PokeSci.csproj", "{FFB2F482-A0A4-46ED-B56B-94BC66D317BC}"
EndProject
Project("{9A19103F-16F7-4668-BE54-9A1E7A4F7556}") = "PokemonDataAccess", "PokemonDataAccess\PokemonDataAccess.csproj", "{A04D161A-182F-49A2-BBDF-F7A8ECBADA5E}"
EndProject
Project("{9A19103F-16F7-4668-BE54-9A1E7A4F7556}") = "PokeUI3", "PokeUI3\PokeUI3.csproj", "{15F09EA4-F36A-44EB-AE77-874232F6CF0D}"
EndProject
Project("{9A19103F-16F7-4668-BE54-9A1E7A4F7556}") = "PokeMath", "PokeMath\PokeMath.csproj", "{92400EC1-ABDA-4401-B83A-3657AC854D62}"
EndProject
Project("{9A19103F-16F7-4668-BE54-9A1E7A4F7556}") = "PokeBattleEngine", "PokeBattleEngine\PokeBattleEngine.csproj", "{766AD434-076A-423D-8E6C-EF2C7F27D3CF}"
EndProject
Project("{9A19103F-16F7-4668-BE54-9A1E7A4F7556}") = "PokeCommon", "PokeCommon\PokeCommon.csproj", "{AD02D762-73E7-47B7-B32C-351CFE12DA52}"
EndProject
Project("{9A19103F-16F7-4668-BE54-9A1E7A4F7556}") = "PokeOcr", "PokeOcr\PokeOcr.csproj", "{F2296D0F-59BE-40A7-8391-7DF8FA336E24}"
EndProject
Project("{FAE04EC0-301F-11D3-BF4B-00C04F79EFBC}") = "OcrLiteLib", "OcrLiteLib\OcrLiteLib.csproj", "{3A1647DA-83CD-4F9D-9FFA-F663BB55FF6A}"
EndProject
Project("{9A19103F-16F7-4668-BE54-9A1E7A4F7556}") = "PokeMaui", "PokeMaui\PokeMaui.csproj", "{9477AB79-14D0-44EE-BB09-49FE0B42BE3E}"
EndProject
Project("{9A19103F-16F7-4668-BE54-9A1E7A4F7556}") = "PokemonIsshoni.Net.Server", "PokemonIsshoni.Net\Server\PokemonIsshoni.Net.Server.csproj", "{B8B82BDE-6217-4418-AF04-94F7E5D59A82}"
EndProject
Project("{9A19103F-16F7-4668-BE54-9A1E7A4F7556}") = "PokemonIsshoni.Net.Client", "PokemonIsshoni.Net\Client\PokemonIsshoni.Net.Client.csproj", "{5D1FD693-4F3A-47FD-AD36-A26A5885DF5A}"
EndProject
Project("{9A19103F-16F7-4668-BE54-9A1E7A4F7556}") = "PokemonIsshoni.Net.Shared", "PokemonIsshoni.Net\Shared\PokemonIsshoni.Net.Shared.csproj", "{4FC621CE-48B1-4427-9181-45166699F357}"
EndProject
Project("{9A19103F-16F7-4668-BE54-9A1E7A4F7556}") = "PokePSCore", "PokePSCore\PokePSCore.csproj", "{A222D747-28E9-445F-9479-E5510BEBC0F8}"
EndProject
Project("{9A19103F-16F7-4668-BE54-9A1E7A4F7556}") = "PokeCodeGenerator", "PokeCodeGenerator\PokeCodeGenerator.csproj", "{94388F99-F807-4336-B3B9-66856FB44690}"
EndProject
Project("{9A19103F-16F7-4668-BE54-9A1E7A4F7556}") = "PSAITest", "PSAITest\PSAITest.csproj", "{BDB056E9-21F1-47D7-A8DD-ECDA72816FDA}"
EndProject
Project("{9A19103F-16F7-4668-BE54-9A1E7A4F7556}") = "PokeAI", "PokeAI\PokeAI.csproj", "{EE0001C4-AF27-4766-AB3D-0E6C06499EDB}"
EndProject
Project("{9A19103F-16F7-4668-BE54-9A1E7A4F7556}") = "PSBattleHelper", "PSBattleHelper\PSBattleHelper.csproj", "{3A113249-9742-4249-B909-5DB4CFB4EA9C}"
EndProject
Project("{9A19103F-16F7-4668-BE54-9A1E7A4F7556}") = "PSBattleHelper.Core", "PSBattleHelper.Core\PSBattleHelper.Core.csproj", "{F11E92E8-F4C7-449B-B81D-5391CEC4924E}"
EndProject
Project("{9A19103F-16F7-4668-BE54-9A1E7A4F7556}") = "MudBlazor", "..\MudBlazor\src\MudBlazor\MudBlazor.csproj", "{E045E140-8971-4BCE-893D-3F62AAD83E3C}"
EndProject
Project("{FAE04EC0-301F-11D3-BF4B-00C04F79EFBC}") = "PSLook", "PSLook\PSLook.csproj", "{BB998A6A-F61D-4B3E-8278-4EA684585BCE}"
EndProject
Global
	GlobalSection(SolutionConfigurationPlatforms) = preSolution
		Debug|Any CPU = Debug|Any CPU
		Debug|arm64 = Debug|arm64
		Debug|x64 = Debug|x64
		Debug|x86 = Debug|x86
		Release|Any CPU = Release|Any CPU
		Release|arm64 = Release|arm64
		Release|x64 = Release|x64
		Release|x86 = Release|x86
	EndGlobalSection
	GlobalSection(ProjectConfigurationPlatforms) = postSolution
		{FFB2F482-A0A4-46ED-B56B-94BC66D317BC}.Debug|Any CPU.ActiveCfg = Debug|Any CPU
		{FFB2F482-A0A4-46ED-B56B-94BC66D317BC}.Debug|Any CPU.Build.0 = Debug|Any CPU
		{FFB2F482-A0A4-46ED-B56B-94BC66D317BC}.Debug|arm64.ActiveCfg = Debug|Any CPU
		{FFB2F482-A0A4-46ED-B56B-94BC66D317BC}.Debug|arm64.Build.0 = Debug|Any CPU
		{FFB2F482-A0A4-46ED-B56B-94BC66D317BC}.Debug|x64.ActiveCfg = Debug|Any CPU
		{FFB2F482-A0A4-46ED-B56B-94BC66D317BC}.Debug|x64.Build.0 = Debug|Any CPU
		{FFB2F482-A0A4-46ED-B56B-94BC66D317BC}.Debug|x86.ActiveCfg = Debug|Any CPU
		{FFB2F482-A0A4-46ED-B56B-94BC66D317BC}.Debug|x86.Build.0 = Debug|Any CPU
		{FFB2F482-A0A4-46ED-B56B-94BC66D317BC}.Release|Any CPU.ActiveCfg = Release|Any CPU
		{FFB2F482-A0A4-46ED-B56B-94BC66D317BC}.Release|Any CPU.Build.0 = Release|Any CPU
		{FFB2F482-A0A4-46ED-B56B-94BC66D317BC}.Release|arm64.ActiveCfg = Release|Any CPU
		{FFB2F482-A0A4-46ED-B56B-94BC66D317BC}.Release|arm64.Build.0 = Release|Any CPU
		{FFB2F482-A0A4-46ED-B56B-94BC66D317BC}.Release|x64.ActiveCfg = Release|Any CPU
		{FFB2F482-A0A4-46ED-B56B-94BC66D317BC}.Release|x64.Build.0 = Release|Any CPU
		{FFB2F482-A0A4-46ED-B56B-94BC66D317BC}.Release|x86.ActiveCfg = Release|Any CPU
		{FFB2F482-A0A4-46ED-B56B-94BC66D317BC}.Release|x86.Build.0 = Release|Any CPU
		{A04D161A-182F-49A2-BBDF-F7A8ECBADA5E}.Debug|Any CPU.ActiveCfg = Debug|Any CPU
		{A04D161A-182F-49A2-BBDF-F7A8ECBADA5E}.Debug|Any CPU.Build.0 = Debug|Any CPU
		{A04D161A-182F-49A2-BBDF-F7A8ECBADA5E}.Debug|arm64.ActiveCfg = Debug|Any CPU
		{A04D161A-182F-49A2-BBDF-F7A8ECBADA5E}.Debug|arm64.Build.0 = Debug|Any CPU
		{A04D161A-182F-49A2-BBDF-F7A8ECBADA5E}.Debug|x64.ActiveCfg = Debug|Any CPU
		{A04D161A-182F-49A2-BBDF-F7A8ECBADA5E}.Debug|x64.Build.0 = Debug|Any CPU
		{A04D161A-182F-49A2-BBDF-F7A8ECBADA5E}.Debug|x86.ActiveCfg = Debug|Any CPU
		{A04D161A-182F-49A2-BBDF-F7A8ECBADA5E}.Debug|x86.Build.0 = Debug|Any CPU
		{A04D161A-182F-49A2-BBDF-F7A8ECBADA5E}.Release|Any CPU.ActiveCfg = Release|Any CPU
		{A04D161A-182F-49A2-BBDF-F7A8ECBADA5E}.Release|Any CPU.Build.0 = Release|Any CPU
		{A04D161A-182F-49A2-BBDF-F7A8ECBADA5E}.Release|arm64.ActiveCfg = Release|Any CPU
		{A04D161A-182F-49A2-BBDF-F7A8ECBADA5E}.Release|arm64.Build.0 = Release|Any CPU
		{A04D161A-182F-49A2-BBDF-F7A8ECBADA5E}.Release|x64.ActiveCfg = Release|Any CPU
		{A04D161A-182F-49A2-BBDF-F7A8ECBADA5E}.Release|x64.Build.0 = Release|Any CPU
		{A04D161A-182F-49A2-BBDF-F7A8ECBADA5E}.Release|x86.ActiveCfg = Release|Any CPU
		{A04D161A-182F-49A2-BBDF-F7A8ECBADA5E}.Release|x86.Build.0 = Release|Any CPU
		{15F09EA4-F36A-44EB-AE77-874232F6CF0D}.Debug|Any CPU.ActiveCfg = Debug|x64
		{15F09EA4-F36A-44EB-AE77-874232F6CF0D}.Debug|Any CPU.Build.0 = Debug|x64
		{15F09EA4-F36A-44EB-AE77-874232F6CF0D}.Debug|Any CPU.Deploy.0 = Debug|x64
		{15F09EA4-F36A-44EB-AE77-874232F6CF0D}.Debug|arm64.ActiveCfg = Debug|arm64
		{15F09EA4-F36A-44EB-AE77-874232F6CF0D}.Debug|arm64.Build.0 = Debug|arm64
		{15F09EA4-F36A-44EB-AE77-874232F6CF0D}.Debug|arm64.Deploy.0 = Debug|arm64
		{15F09EA4-F36A-44EB-AE77-874232F6CF0D}.Debug|x64.ActiveCfg = Debug|x64
		{15F09EA4-F36A-44EB-AE77-874232F6CF0D}.Debug|x64.Build.0 = Debug|x64
		{15F09EA4-F36A-44EB-AE77-874232F6CF0D}.Debug|x64.Deploy.0 = Debug|x64
		{15F09EA4-F36A-44EB-AE77-874232F6CF0D}.Debug|x86.ActiveCfg = Debug|x86
		{15F09EA4-F36A-44EB-AE77-874232F6CF0D}.Debug|x86.Build.0 = Debug|x86
		{15F09EA4-F36A-44EB-AE77-874232F6CF0D}.Debug|x86.Deploy.0 = Debug|x86
		{15F09EA4-F36A-44EB-AE77-874232F6CF0D}.Release|Any CPU.ActiveCfg = Release|x64
		{15F09EA4-F36A-44EB-AE77-874232F6CF0D}.Release|Any CPU.Build.0 = Release|x64
		{15F09EA4-F36A-44EB-AE77-874232F6CF0D}.Release|Any CPU.Deploy.0 = Release|x64
		{15F09EA4-F36A-44EB-AE77-874232F6CF0D}.Release|arm64.ActiveCfg = Release|arm64
		{15F09EA4-F36A-44EB-AE77-874232F6CF0D}.Release|arm64.Build.0 = Release|arm64
		{15F09EA4-F36A-44EB-AE77-874232F6CF0D}.Release|arm64.Deploy.0 = Release|arm64
		{15F09EA4-F36A-44EB-AE77-874232F6CF0D}.Release|x64.ActiveCfg = Release|x64
		{15F09EA4-F36A-44EB-AE77-874232F6CF0D}.Release|x64.Build.0 = Release|x64
		{15F09EA4-F36A-44EB-AE77-874232F6CF0D}.Release|x64.Deploy.0 = Release|x64
		{15F09EA4-F36A-44EB-AE77-874232F6CF0D}.Release|x86.ActiveCfg = Release|x86
		{15F09EA4-F36A-44EB-AE77-874232F6CF0D}.Release|x86.Build.0 = Release|x86
		{15F09EA4-F36A-44EB-AE77-874232F6CF0D}.Release|x86.Deploy.0 = Release|x86
		{92400EC1-ABDA-4401-B83A-3657AC854D62}.Debug|Any CPU.ActiveCfg = Debug|Any CPU
		{92400EC1-ABDA-4401-B83A-3657AC854D62}.Debug|Any CPU.Build.0 = Debug|Any CPU
		{92400EC1-ABDA-4401-B83A-3657AC854D62}.Debug|arm64.ActiveCfg = Debug|Any CPU
		{92400EC1-ABDA-4401-B83A-3657AC854D62}.Debug|arm64.Build.0 = Debug|Any CPU
		{92400EC1-ABDA-4401-B83A-3657AC854D62}.Debug|x64.ActiveCfg = Debug|Any CPU
		{92400EC1-ABDA-4401-B83A-3657AC854D62}.Debug|x64.Build.0 = Debug|Any CPU
		{92400EC1-ABDA-4401-B83A-3657AC854D62}.Debug|x86.ActiveCfg = Debug|Any CPU
		{92400EC1-ABDA-4401-B83A-3657AC854D62}.Debug|x86.Build.0 = Debug|Any CPU
		{92400EC1-ABDA-4401-B83A-3657AC854D62}.Release|Any CPU.ActiveCfg = Release|Any CPU
		{92400EC1-ABDA-4401-B83A-3657AC854D62}.Release|Any CPU.Build.0 = Release|Any CPU
		{92400EC1-ABDA-4401-B83A-3657AC854D62}.Release|arm64.ActiveCfg = Release|Any CPU
		{92400EC1-ABDA-4401-B83A-3657AC854D62}.Release|arm64.Build.0 = Release|Any CPU
		{92400EC1-ABDA-4401-B83A-3657AC854D62}.Release|x64.ActiveCfg = Release|Any CPU
		{92400EC1-ABDA-4401-B83A-3657AC854D62}.Release|x64.Build.0 = Release|Any CPU
		{92400EC1-ABDA-4401-B83A-3657AC854D62}.Release|x86.ActiveCfg = Release|Any CPU
		{92400EC1-ABDA-4401-B83A-3657AC854D62}.Release|x86.Build.0 = Release|Any CPU
		{766AD434-076A-423D-8E6C-EF2C7F27D3CF}.Debug|Any CPU.ActiveCfg = Debug|Any CPU
		{766AD434-076A-423D-8E6C-EF2C7F27D3CF}.Debug|Any CPU.Build.0 = Debug|Any CPU
		{766AD434-076A-423D-8E6C-EF2C7F27D3CF}.Debug|arm64.ActiveCfg = Debug|Any CPU
		{766AD434-076A-423D-8E6C-EF2C7F27D3CF}.Debug|arm64.Build.0 = Debug|Any CPU
		{766AD434-076A-423D-8E6C-EF2C7F27D3CF}.Debug|x64.ActiveCfg = Debug|Any CPU
		{766AD434-076A-423D-8E6C-EF2C7F27D3CF}.Debug|x64.Build.0 = Debug|Any CPU
		{766AD434-076A-423D-8E6C-EF2C7F27D3CF}.Debug|x86.ActiveCfg = Debug|Any CPU
		{766AD434-076A-423D-8E6C-EF2C7F27D3CF}.Debug|x86.Build.0 = Debug|Any CPU
		{766AD434-076A-423D-8E6C-EF2C7F27D3CF}.Release|Any CPU.ActiveCfg = Release|Any CPU
		{766AD434-076A-423D-8E6C-EF2C7F27D3CF}.Release|Any CPU.Build.0 = Release|Any CPU
		{766AD434-076A-423D-8E6C-EF2C7F27D3CF}.Release|arm64.ActiveCfg = Release|Any CPU
		{766AD434-076A-423D-8E6C-EF2C7F27D3CF}.Release|arm64.Build.0 = Release|Any CPU
		{766AD434-076A-423D-8E6C-EF2C7F27D3CF}.Release|x64.ActiveCfg = Release|Any CPU
		{766AD434-076A-423D-8E6C-EF2C7F27D3CF}.Release|x64.Build.0 = Release|Any CPU
		{766AD434-076A-423D-8E6C-EF2C7F27D3CF}.Release|x86.ActiveCfg = Release|Any CPU
		{766AD434-076A-423D-8E6C-EF2C7F27D3CF}.Release|x86.Build.0 = Release|Any CPU
		{AD02D762-73E7-47B7-B32C-351CFE12DA52}.Debug|Any CPU.ActiveCfg = Debug|Any CPU
		{AD02D762-73E7-47B7-B32C-351CFE12DA52}.Debug|Any CPU.Build.0 = Debug|Any CPU
		{AD02D762-73E7-47B7-B32C-351CFE12DA52}.Debug|arm64.ActiveCfg = Debug|Any CPU
		{AD02D762-73E7-47B7-B32C-351CFE12DA52}.Debug|arm64.Build.0 = Debug|Any CPU
		{AD02D762-73E7-47B7-B32C-351CFE12DA52}.Debug|x64.ActiveCfg = Debug|Any CPU
		{AD02D762-73E7-47B7-B32C-351CFE12DA52}.Debug|x64.Build.0 = Debug|Any CPU
		{AD02D762-73E7-47B7-B32C-351CFE12DA52}.Debug|x86.ActiveCfg = Debug|Any CPU
		{AD02D762-73E7-47B7-B32C-351CFE12DA52}.Debug|x86.Build.0 = Debug|Any CPU
		{AD02D762-73E7-47B7-B32C-351CFE12DA52}.Release|Any CPU.ActiveCfg = Release|Any CPU
		{AD02D762-73E7-47B7-B32C-351CFE12DA52}.Release|Any CPU.Build.0 = Release|Any CPU
		{AD02D762-73E7-47B7-B32C-351CFE12DA52}.Release|arm64.ActiveCfg = Release|Any CPU
		{AD02D762-73E7-47B7-B32C-351CFE12DA52}.Release|arm64.Build.0 = Release|Any CPU
		{AD02D762-73E7-47B7-B32C-351CFE12DA52}.Release|x64.ActiveCfg = Release|Any CPU
		{AD02D762-73E7-47B7-B32C-351CFE12DA52}.Release|x64.Build.0 = Release|Any CPU
		{AD02D762-73E7-47B7-B32C-351CFE12DA52}.Release|x86.ActiveCfg = Release|Any CPU
		{AD02D762-73E7-47B7-B32C-351CFE12DA52}.Release|x86.Build.0 = Release|Any CPU
		{F2296D0F-59BE-40A7-8391-7DF8FA336E24}.Debug|Any CPU.ActiveCfg = Debug|Any CPU
		{F2296D0F-59BE-40A7-8391-7DF8FA336E24}.Debug|Any CPU.Build.0 = Debug|Any CPU
		{F2296D0F-59BE-40A7-8391-7DF8FA336E24}.Debug|arm64.ActiveCfg = Debug|Any CPU
		{F2296D0F-59BE-40A7-8391-7DF8FA336E24}.Debug|arm64.Build.0 = Debug|Any CPU
		{F2296D0F-59BE-40A7-8391-7DF8FA336E24}.Debug|x64.ActiveCfg = Debug|Any CPU
		{F2296D0F-59BE-40A7-8391-7DF8FA336E24}.Debug|x64.Build.0 = Debug|Any CPU
		{F2296D0F-59BE-40A7-8391-7DF8FA336E24}.Debug|x86.ActiveCfg = Debug|Any CPU
		{F2296D0F-59BE-40A7-8391-7DF8FA336E24}.Debug|x86.Build.0 = Debug|Any CPU
		{F2296D0F-59BE-40A7-8391-7DF8FA336E24}.Release|Any CPU.ActiveCfg = Release|Any CPU
		{F2296D0F-59BE-40A7-8391-7DF8FA336E24}.Release|Any CPU.Build.0 = Release|Any CPU
		{F2296D0F-59BE-40A7-8391-7DF8FA336E24}.Release|arm64.ActiveCfg = Release|Any CPU
		{F2296D0F-59BE-40A7-8391-7DF8FA336E24}.Release|arm64.Build.0 = Release|Any CPU
		{F2296D0F-59BE-40A7-8391-7DF8FA336E24}.Release|x64.ActiveCfg = Release|Any CPU
		{F2296D0F-59BE-40A7-8391-7DF8FA336E24}.Release|x64.Build.0 = Release|Any CPU
		{F2296D0F-59BE-40A7-8391-7DF8FA336E24}.Release|x86.ActiveCfg = Release|Any CPU
		{F2296D0F-59BE-40A7-8391-7DF8FA336E24}.Release|x86.Build.0 = Release|Any CPU
		{3A1647DA-83CD-4F9D-9FFA-F663BB55FF6A}.Debug|Any CPU.ActiveCfg = Debug|Any CPU
		{3A1647DA-83CD-4F9D-9FFA-F663BB55FF6A}.Debug|Any CPU.Build.0 = Debug|Any CPU
		{3A1647DA-83CD-4F9D-9FFA-F663BB55FF6A}.Debug|arm64.ActiveCfg = Debug|Any CPU
		{3A1647DA-83CD-4F9D-9FFA-F663BB55FF6A}.Debug|arm64.Build.0 = Debug|Any CPU
		{3A1647DA-83CD-4F9D-9FFA-F663BB55FF6A}.Debug|x64.ActiveCfg = Debug|x64
		{3A1647DA-83CD-4F9D-9FFA-F663BB55FF6A}.Debug|x64.Build.0 = Debug|x64
		{3A1647DA-83CD-4F9D-9FFA-F663BB55FF6A}.Debug|x86.ActiveCfg = Debug|Any CPU
		{3A1647DA-83CD-4F9D-9FFA-F663BB55FF6A}.Debug|x86.Build.0 = Debug|Any CPU
		{3A1647DA-83CD-4F9D-9FFA-F663BB55FF6A}.Release|Any CPU.ActiveCfg = Release|Any CPU
		{3A1647DA-83CD-4F9D-9FFA-F663BB55FF6A}.Release|Any CPU.Build.0 = Release|Any CPU
		{3A1647DA-83CD-4F9D-9FFA-F663BB55FF6A}.Release|arm64.ActiveCfg = Release|Any CPU
		{3A1647DA-83CD-4F9D-9FFA-F663BB55FF6A}.Release|arm64.Build.0 = Release|Any CPU
		{3A1647DA-83CD-4F9D-9FFA-F663BB55FF6A}.Release|x64.ActiveCfg = Release|x64
		{3A1647DA-83CD-4F9D-9FFA-F663BB55FF6A}.Release|x64.Build.0 = Release|x64
		{3A1647DA-83CD-4F9D-9FFA-F663BB55FF6A}.Release|x86.ActiveCfg = Release|Any CPU
		{3A1647DA-83CD-4F9D-9FFA-F663BB55FF6A}.Release|x86.Build.0 = Release|Any CPU
		{9477AB79-14D0-44EE-BB09-49FE0B42BE3E}.Debug|Any CPU.ActiveCfg = Debug|Any CPU
		{9477AB79-14D0-44EE-BB09-49FE0B42BE3E}.Debug|Any CPU.Build.0 = Debug|Any CPU
		{9477AB79-14D0-44EE-BB09-49FE0B42BE3E}.Debug|Any CPU.Deploy.0 = Debug|Any CPU
		{9477AB79-14D0-44EE-BB09-49FE0B42BE3E}.Debug|arm64.ActiveCfg = Debug|Any CPU
		{9477AB79-14D0-44EE-BB09-49FE0B42BE3E}.Debug|arm64.Build.0 = Debug|Any CPU
		{9477AB79-14D0-44EE-BB09-49FE0B42BE3E}.Debug|arm64.Deploy.0 = Debug|Any CPU
		{9477AB79-14D0-44EE-BB09-49FE0B42BE3E}.Debug|x64.ActiveCfg = Debug|Any CPU
		{9477AB79-14D0-44EE-BB09-49FE0B42BE3E}.Debug|x64.Build.0 = Debug|Any CPU
		{9477AB79-14D0-44EE-BB09-49FE0B42BE3E}.Debug|x64.Deploy.0 = Debug|Any CPU
		{9477AB79-14D0-44EE-BB09-49FE0B42BE3E}.Debug|x86.ActiveCfg = Debug|Any CPU
		{9477AB79-14D0-44EE-BB09-49FE0B42BE3E}.Debug|x86.Build.0 = Debug|Any CPU
		{9477AB79-14D0-44EE-BB09-49FE0B42BE3E}.Debug|x86.Deploy.0 = Debug|Any CPU
		{9477AB79-14D0-44EE-BB09-49FE0B42BE3E}.Release|Any CPU.ActiveCfg = Release|Any CPU
		{9477AB79-14D0-44EE-BB09-49FE0B42BE3E}.Release|Any CPU.Build.0 = Release|Any CPU
		{9477AB79-14D0-44EE-BB09-49FE0B42BE3E}.Release|Any CPU.Deploy.0 = Release|Any CPU
		{9477AB79-14D0-44EE-BB09-49FE0B42BE3E}.Release|arm64.ActiveCfg = Release|Any CPU
		{9477AB79-14D0-44EE-BB09-49FE0B42BE3E}.Release|arm64.Build.0 = Release|Any CPU
		{9477AB79-14D0-44EE-BB09-49FE0B42BE3E}.Release|arm64.Deploy.0 = Release|Any CPU
		{9477AB79-14D0-44EE-BB09-49FE0B42BE3E}.Release|x64.ActiveCfg = Release|Any CPU
		{9477AB79-14D0-44EE-BB09-49FE0B42BE3E}.Release|x64.Build.0 = Release|Any CPU
		{9477AB79-14D0-44EE-BB09-49FE0B42BE3E}.Release|x64.Deploy.0 = Release|Any CPU
		{9477AB79-14D0-44EE-BB09-49FE0B42BE3E}.Release|x86.ActiveCfg = Release|Any CPU
		{9477AB79-14D0-44EE-BB09-49FE0B42BE3E}.Release|x86.Build.0 = Release|Any CPU
		{9477AB79-14D0-44EE-BB09-49FE0B42BE3E}.Release|x86.Deploy.0 = Release|Any CPU
		{B8B82BDE-6217-4418-AF04-94F7E5D59A82}.Debug|Any CPU.ActiveCfg = Debug|Any CPU
		{B8B82BDE-6217-4418-AF04-94F7E5D59A82}.Debug|Any CPU.Build.0 = Debug|Any CPU
		{B8B82BDE-6217-4418-AF04-94F7E5D59A82}.Debug|arm64.ActiveCfg = Debug|Any CPU
		{B8B82BDE-6217-4418-AF04-94F7E5D59A82}.Debug|arm64.Build.0 = Debug|Any CPU
		{B8B82BDE-6217-4418-AF04-94F7E5D59A82}.Debug|x64.ActiveCfg = Debug|Any CPU
		{B8B82BDE-6217-4418-AF04-94F7E5D59A82}.Debug|x64.Build.0 = Debug|Any CPU
		{B8B82BDE-6217-4418-AF04-94F7E5D59A82}.Debug|x86.ActiveCfg = Debug|Any CPU
		{B8B82BDE-6217-4418-AF04-94F7E5D59A82}.Debug|x86.Build.0 = Debug|Any CPU
		{B8B82BDE-6217-4418-AF04-94F7E5D59A82}.Release|Any CPU.ActiveCfg = Release|Any CPU
		{B8B82BDE-6217-4418-AF04-94F7E5D59A82}.Release|Any CPU.Build.0 = Release|Any CPU
		{B8B82BDE-6217-4418-AF04-94F7E5D59A82}.Release|arm64.ActiveCfg = Release|Any CPU
		{B8B82BDE-6217-4418-AF04-94F7E5D59A82}.Release|arm64.Build.0 = Release|Any CPU
		{B8B82BDE-6217-4418-AF04-94F7E5D59A82}.Release|x64.ActiveCfg = Release|Any CPU
		{B8B82BDE-6217-4418-AF04-94F7E5D59A82}.Release|x64.Build.0 = Release|Any CPU
		{B8B82BDE-6217-4418-AF04-94F7E5D59A82}.Release|x86.ActiveCfg = Release|Any CPU
		{B8B82BDE-6217-4418-AF04-94F7E5D59A82}.Release|x86.Build.0 = Release|Any CPU
		{5D1FD693-4F3A-47FD-AD36-A26A5885DF5A}.Debug|Any CPU.ActiveCfg = Debug|Any CPU
		{5D1FD693-4F3A-47FD-AD36-A26A5885DF5A}.Debug|Any CPU.Build.0 = Debug|Any CPU
		{5D1FD693-4F3A-47FD-AD36-A26A5885DF5A}.Debug|arm64.ActiveCfg = Debug|Any CPU
		{5D1FD693-4F3A-47FD-AD36-A26A5885DF5A}.Debug|arm64.Build.0 = Debug|Any CPU
		{5D1FD693-4F3A-47FD-AD36-A26A5885DF5A}.Debug|x64.ActiveCfg = Debug|Any CPU
		{5D1FD693-4F3A-47FD-AD36-A26A5885DF5A}.Debug|x64.Build.0 = Debug|Any CPU
		{5D1FD693-4F3A-47FD-AD36-A26A5885DF5A}.Debug|x86.ActiveCfg = Debug|Any CPU
		{5D1FD693-4F3A-47FD-AD36-A26A5885DF5A}.Debug|x86.Build.0 = Debug|Any CPU
		{5D1FD693-4F3A-47FD-AD36-A26A5885DF5A}.Release|Any CPU.ActiveCfg = Release|Any CPU
		{5D1FD693-4F3A-47FD-AD36-A26A5885DF5A}.Release|Any CPU.Build.0 = Release|Any CPU
		{5D1FD693-4F3A-47FD-AD36-A26A5885DF5A}.Release|arm64.ActiveCfg = Release|Any CPU
		{5D1FD693-4F3A-47FD-AD36-A26A5885DF5A}.Release|arm64.Build.0 = Release|Any CPU
		{5D1FD693-4F3A-47FD-AD36-A26A5885DF5A}.Release|x64.ActiveCfg = Release|Any CPU
		{5D1FD693-4F3A-47FD-AD36-A26A5885DF5A}.Release|x64.Build.0 = Release|Any CPU
		{5D1FD693-4F3A-47FD-AD36-A26A5885DF5A}.Release|x86.ActiveCfg = Release|Any CPU
		{5D1FD693-4F3A-47FD-AD36-A26A5885DF5A}.Release|x86.Build.0 = Release|Any CPU
		{4FC621CE-48B1-4427-9181-45166699F357}.Debug|Any CPU.ActiveCfg = Debug|Any CPU
		{4FC621CE-48B1-4427-9181-45166699F357}.Debug|Any CPU.Build.0 = Debug|Any CPU
		{4FC621CE-48B1-4427-9181-45166699F357}.Debug|arm64.ActiveCfg = Debug|Any CPU
		{4FC621CE-48B1-4427-9181-45166699F357}.Debug|arm64.Build.0 = Debug|Any CPU
		{4FC621CE-48B1-4427-9181-45166699F357}.Debug|x64.ActiveCfg = Debug|Any CPU
		{4FC621CE-48B1-4427-9181-45166699F357}.Debug|x64.Build.0 = Debug|Any CPU
		{4FC621CE-48B1-4427-9181-45166699F357}.Debug|x86.ActiveCfg = Debug|Any CPU
		{4FC621CE-48B1-4427-9181-45166699F357}.Debug|x86.Build.0 = Debug|Any CPU
		{4FC621CE-48B1-4427-9181-45166699F357}.Release|Any CPU.ActiveCfg = Release|Any CPU
		{4FC621CE-48B1-4427-9181-45166699F357}.Release|Any CPU.Build.0 = Release|Any CPU
		{4FC621CE-48B1-4427-9181-45166699F357}.Release|arm64.ActiveCfg = Release|Any CPU
		{4FC621CE-48B1-4427-9181-45166699F357}.Release|arm64.Build.0 = Release|Any CPU
		{4FC621CE-48B1-4427-9181-45166699F357}.Release|x64.ActiveCfg = Release|Any CPU
		{4FC621CE-48B1-4427-9181-45166699F357}.Release|x64.Build.0 = Release|Any CPU
		{4FC621CE-48B1-4427-9181-45166699F357}.Release|x86.ActiveCfg = Release|Any CPU
		{4FC621CE-48B1-4427-9181-45166699F357}.Release|x86.Build.0 = Release|Any CPU
		{A222D747-28E9-445F-9479-E5510BEBC0F8}.Debug|Any CPU.ActiveCfg = Debug|Any CPU
		{A222D747-28E9-445F-9479-E5510BEBC0F8}.Debug|Any CPU.Build.0 = Debug|Any CPU
		{A222D747-28E9-445F-9479-E5510BEBC0F8}.Debug|arm64.ActiveCfg = Debug|Any CPU
		{A222D747-28E9-445F-9479-E5510BEBC0F8}.Debug|arm64.Build.0 = Debug|Any CPU
		{A222D747-28E9-445F-9479-E5510BEBC0F8}.Debug|x64.ActiveCfg = Debug|Any CPU
		{A222D747-28E9-445F-9479-E5510BEBC0F8}.Debug|x64.Build.0 = Debug|Any CPU
		{A222D747-28E9-445F-9479-E5510BEBC0F8}.Debug|x86.ActiveCfg = Debug|Any CPU
		{A222D747-28E9-445F-9479-E5510BEBC0F8}.Debug|x86.Build.0 = Debug|Any CPU
		{A222D747-28E9-445F-9479-E5510BEBC0F8}.Release|Any CPU.ActiveCfg = Release|Any CPU
		{A222D747-28E9-445F-9479-E5510BEBC0F8}.Release|Any CPU.Build.0 = Release|Any CPU
		{A222D747-28E9-445F-9479-E5510BEBC0F8}.Release|arm64.ActiveCfg = Release|Any CPU
		{A222D747-28E9-445F-9479-E5510BEBC0F8}.Release|arm64.Build.0 = Release|Any CPU
		{A222D747-28E9-445F-9479-E5510BEBC0F8}.Release|x64.ActiveCfg = Release|Any CPU
		{A222D747-28E9-445F-9479-E5510BEBC0F8}.Release|x64.Build.0 = Release|Any CPU
		{A222D747-28E9-445F-9479-E5510BEBC0F8}.Release|x86.ActiveCfg = Release|Any CPU
		{A222D747-28E9-445F-9479-E5510BEBC0F8}.Release|x86.Build.0 = Release|Any CPU
		{94388F99-F807-4336-B3B9-66856FB44690}.Debug|Any CPU.ActiveCfg = Debug|Any CPU
		{94388F99-F807-4336-B3B9-66856FB44690}.Debug|Any CPU.Build.0 = Debug|Any CPU
		{94388F99-F807-4336-B3B9-66856FB44690}.Debug|arm64.ActiveCfg = Debug|Any CPU
		{94388F99-F807-4336-B3B9-66856FB44690}.Debug|arm64.Build.0 = Debug|Any CPU
		{94388F99-F807-4336-B3B9-66856FB44690}.Debug|x64.ActiveCfg = Debug|Any CPU
		{94388F99-F807-4336-B3B9-66856FB44690}.Debug|x64.Build.0 = Debug|Any CPU
		{94388F99-F807-4336-B3B9-66856FB44690}.Debug|x86.ActiveCfg = Debug|Any CPU
		{94388F99-F807-4336-B3B9-66856FB44690}.Debug|x86.Build.0 = Debug|Any CPU
		{94388F99-F807-4336-B3B9-66856FB44690}.Release|Any CPU.ActiveCfg = Release|Any CPU
		{94388F99-F807-4336-B3B9-66856FB44690}.Release|Any CPU.Build.0 = Release|Any CPU
		{94388F99-F807-4336-B3B9-66856FB44690}.Release|arm64.ActiveCfg = Release|Any CPU
		{94388F99-F807-4336-B3B9-66856FB44690}.Release|arm64.Build.0 = Release|Any CPU
		{94388F99-F807-4336-B3B9-66856FB44690}.Release|x64.ActiveCfg = Release|Any CPU
		{94388F99-F807-4336-B3B9-66856FB44690}.Release|x64.Build.0 = Release|Any CPU
		{94388F99-F807-4336-B3B9-66856FB44690}.Release|x86.ActiveCfg = Release|Any CPU
		{94388F99-F807-4336-B3B9-66856FB44690}.Release|x86.Build.0 = Release|Any CPU
		{BDB056E9-21F1-47D7-A8DD-ECDA72816FDA}.Debug|Any CPU.ActiveCfg = Debug|Any CPU
		{BDB056E9-21F1-47D7-A8DD-ECDA72816FDA}.Debug|Any CPU.Build.0 = Debug|Any CPU
		{BDB056E9-21F1-47D7-A8DD-ECDA72816FDA}.Debug|arm64.ActiveCfg = Debug|Any CPU
		{BDB056E9-21F1-47D7-A8DD-ECDA72816FDA}.Debug|arm64.Build.0 = Debug|Any CPU
		{BDB056E9-21F1-47D7-A8DD-ECDA72816FDA}.Debug|x64.ActiveCfg = Debug|Any CPU
		{BDB056E9-21F1-47D7-A8DD-ECDA72816FDA}.Debug|x64.Build.0 = Debug|Any CPU
		{BDB056E9-21F1-47D7-A8DD-ECDA72816FDA}.Debug|x86.ActiveCfg = Debug|Any CPU
		{BDB056E9-21F1-47D7-A8DD-ECDA72816FDA}.Debug|x86.Build.0 = Debug|Any CPU
		{BDB056E9-21F1-47D7-A8DD-ECDA72816FDA}.Release|Any CPU.ActiveCfg = Release|Any CPU
		{BDB056E9-21F1-47D7-A8DD-ECDA72816FDA}.Release|Any CPU.Build.0 = Release|Any CPU
		{BDB056E9-21F1-47D7-A8DD-ECDA72816FDA}.Release|arm64.ActiveCfg = Release|Any CPU
		{BDB056E9-21F1-47D7-A8DD-ECDA72816FDA}.Release|arm64.Build.0 = Release|Any CPU
		{BDB056E9-21F1-47D7-A8DD-ECDA72816FDA}.Release|x64.ActiveCfg = Release|Any CPU
		{BDB056E9-21F1-47D7-A8DD-ECDA72816FDA}.Release|x64.Build.0 = Release|Any CPU
		{BDB056E9-21F1-47D7-A8DD-ECDA72816FDA}.Release|x86.ActiveCfg = Release|Any CPU
		{BDB056E9-21F1-47D7-A8DD-ECDA72816FDA}.Release|x86.Build.0 = Release|Any CPU
		{EE0001C4-AF27-4766-AB3D-0E6C06499EDB}.Debug|Any CPU.ActiveCfg = Debug|Any CPU
		{EE0001C4-AF27-4766-AB3D-0E6C06499EDB}.Debug|Any CPU.Build.0 = Debug|Any CPU
		{EE0001C4-AF27-4766-AB3D-0E6C06499EDB}.Debug|arm64.ActiveCfg = Debug|Any CPU
		{EE0001C4-AF27-4766-AB3D-0E6C06499EDB}.Debug|arm64.Build.0 = Debug|Any CPU
		{EE0001C4-AF27-4766-AB3D-0E6C06499EDB}.Debug|x64.ActiveCfg = Debug|Any CPU
		{EE0001C4-AF27-4766-AB3D-0E6C06499EDB}.Debug|x64.Build.0 = Debug|Any CPU
		{EE0001C4-AF27-4766-AB3D-0E6C06499EDB}.Debug|x86.ActiveCfg = Debug|Any CPU
		{EE0001C4-AF27-4766-AB3D-0E6C06499EDB}.Debug|x86.Build.0 = Debug|Any CPU
		{EE0001C4-AF27-4766-AB3D-0E6C06499EDB}.Release|Any CPU.ActiveCfg = Release|Any CPU
		{EE0001C4-AF27-4766-AB3D-0E6C06499EDB}.Release|Any CPU.Build.0 = Release|Any CPU
		{EE0001C4-AF27-4766-AB3D-0E6C06499EDB}.Release|arm64.ActiveCfg = Release|Any CPU
		{EE0001C4-AF27-4766-AB3D-0E6C06499EDB}.Release|arm64.Build.0 = Release|Any CPU
		{EE0001C4-AF27-4766-AB3D-0E6C06499EDB}.Release|x64.ActiveCfg = Release|Any CPU
		{EE0001C4-AF27-4766-AB3D-0E6C06499EDB}.Release|x64.Build.0 = Release|Any CPU
		{EE0001C4-AF27-4766-AB3D-0E6C06499EDB}.Release|x86.ActiveCfg = Release|Any CPU
		{EE0001C4-AF27-4766-AB3D-0E6C06499EDB}.Release|x86.Build.0 = Release|Any CPU
		{3A113249-9742-4249-B909-5DB4CFB4EA9C}.Debug|Any CPU.ActiveCfg = Debug|x64
		{3A113249-9742-4249-B909-5DB4CFB4EA9C}.Debug|Any CPU.Build.0 = Debug|x64
		{3A113249-9742-4249-B909-5DB4CFB4EA9C}.Debug|Any CPU.Deploy.0 = Debug|x64
		{3A113249-9742-4249-B909-5DB4CFB4EA9C}.Debug|arm64.ActiveCfg = Debug|arm64
		{3A113249-9742-4249-B909-5DB4CFB4EA9C}.Debug|arm64.Build.0 = Debug|arm64
		{3A113249-9742-4249-B909-5DB4CFB4EA9C}.Debug|arm64.Deploy.0 = Debug|arm64
		{3A113249-9742-4249-B909-5DB4CFB4EA9C}.Debug|x64.ActiveCfg = Debug|x64
		{3A113249-9742-4249-B909-5DB4CFB4EA9C}.Debug|x64.Build.0 = Debug|x64
		{3A113249-9742-4249-B909-5DB4CFB4EA9C}.Debug|x64.Deploy.0 = Debug|x64
		{3A113249-9742-4249-B909-5DB4CFB4EA9C}.Debug|x86.ActiveCfg = Debug|x86
		{3A113249-9742-4249-B909-5DB4CFB4EA9C}.Debug|x86.Build.0 = Debug|x86
		{3A113249-9742-4249-B909-5DB4CFB4EA9C}.Debug|x86.Deploy.0 = Debug|x86
		{3A113249-9742-4249-B909-5DB4CFB4EA9C}.Release|Any CPU.ActiveCfg = Release|x64
		{3A113249-9742-4249-B909-5DB4CFB4EA9C}.Release|Any CPU.Build.0 = Release|x64
		{3A113249-9742-4249-B909-5DB4CFB4EA9C}.Release|Any CPU.Deploy.0 = Release|x64
		{3A113249-9742-4249-B909-5DB4CFB4EA9C}.Release|arm64.ActiveCfg = Release|arm64
		{3A113249-9742-4249-B909-5DB4CFB4EA9C}.Release|arm64.Build.0 = Release|arm64
		{3A113249-9742-4249-B909-5DB4CFB4EA9C}.Release|arm64.Deploy.0 = Release|arm64
		{3A113249-9742-4249-B909-5DB4CFB4EA9C}.Release|x64.ActiveCfg = Release|x64
		{3A113249-9742-4249-B909-5DB4CFB4EA9C}.Release|x64.Build.0 = Release|x64
		{3A113249-9742-4249-B909-5DB4CFB4EA9C}.Release|x64.Deploy.0 = Release|x64
		{3A113249-9742-4249-B909-5DB4CFB4EA9C}.Release|x86.ActiveCfg = Release|x86
		{3A113249-9742-4249-B909-5DB4CFB4EA9C}.Release|x86.Build.0 = Release|x86
		{3A113249-9742-4249-B909-5DB4CFB4EA9C}.Release|x86.Deploy.0 = Release|x86
		{F11E92E8-F4C7-449B-B81D-5391CEC4924E}.Debug|Any CPU.ActiveCfg = Debug|Any CPU
		{F11E92E8-F4C7-449B-B81D-5391CEC4924E}.Debug|Any CPU.Build.0 = Debug|Any CPU
		{F11E92E8-F4C7-449B-B81D-5391CEC4924E}.Debug|arm64.ActiveCfg = Debug|arm64
		{F11E92E8-F4C7-449B-B81D-5391CEC4924E}.Debug|arm64.Build.0 = Debug|arm64
		{F11E92E8-F4C7-449B-B81D-5391CEC4924E}.Debug|x64.ActiveCfg = Debug|x64
		{F11E92E8-F4C7-449B-B81D-5391CEC4924E}.Debug|x64.Build.0 = Debug|x64
		{F11E92E8-F4C7-449B-B81D-5391CEC4924E}.Debug|x86.ActiveCfg = Debug|x86
		{F11E92E8-F4C7-449B-B81D-5391CEC4924E}.Debug|x86.Build.0 = Debug|x86
		{F11E92E8-F4C7-449B-B81D-5391CEC4924E}.Release|Any CPU.ActiveCfg = Release|Any CPU
		{F11E92E8-F4C7-449B-B81D-5391CEC4924E}.Release|Any CPU.Build.0 = Release|Any CPU
		{F11E92E8-F4C7-449B-B81D-5391CEC4924E}.Release|arm64.ActiveCfg = Release|arm64
		{F11E92E8-F4C7-449B-B81D-5391CEC4924E}.Release|arm64.Build.0 = Release|arm64
		{F11E92E8-F4C7-449B-B81D-5391CEC4924E}.Release|x64.ActiveCfg = Release|x64
		{F11E92E8-F4C7-449B-B81D-5391CEC4924E}.Release|x64.Build.0 = Release|x64
		{F11E92E8-F4C7-449B-B81D-5391CEC4924E}.Release|x86.ActiveCfg = Release|x86
		{F11E92E8-F4C7-449B-B81D-5391CEC4924E}.Release|x86.Build.0 = Release|x86
		{E045E140-8971-4BCE-893D-3F62AAD83E3C}.Debug|Any CPU.ActiveCfg = Debug|Any CPU
		{E045E140-8971-4BCE-893D-3F62AAD83E3C}.Debug|Any CPU.Build.0 = Debug|Any CPU
		{E045E140-8971-4BCE-893D-3F62AAD83E3C}.Debug|arm64.ActiveCfg = Debug|Any CPU
		{E045E140-8971-4BCE-893D-3F62AAD83E3C}.Debug|arm64.Build.0 = Debug|Any CPU
		{E045E140-8971-4BCE-893D-3F62AAD83E3C}.Debug|x64.ActiveCfg = Debug|Any CPU
		{E045E140-8971-4BCE-893D-3F62AAD83E3C}.Debug|x64.Build.0 = Debug|Any CPU
		{E045E140-8971-4BCE-893D-3F62AAD83E3C}.Debug|x86.ActiveCfg = Debug|Any CPU
		{E045E140-8971-4BCE-893D-3F62AAD83E3C}.Debug|x86.Build.0 = Debug|Any CPU
		{E045E140-8971-4BCE-893D-3F62AAD83E3C}.Release|Any CPU.ActiveCfg = Release|Any CPU
		{E045E140-8971-4BCE-893D-3F62AAD83E3C}.Release|Any CPU.Build.0 = Release|Any CPU
		{E045E140-8971-4BCE-893D-3F62AAD83E3C}.Release|arm64.ActiveCfg = Release|Any CPU
		{E045E140-8971-4BCE-893D-3F62AAD83E3C}.Release|arm64.Build.0 = Release|Any CPU
		{E045E140-8971-4BCE-893D-3F62AAD83E3C}.Release|x64.ActiveCfg = Release|Any CPU
		{E045E140-8971-4BCE-893D-3F62AAD83E3C}.Release|x64.Build.0 = Release|Any CPU
		{E045E140-8971-4BCE-893D-3F62AAD83E3C}.Release|x86.ActiveCfg = Release|Any CPU
		{E045E140-8971-4BCE-893D-3F62AAD83E3C}.Release|x86.Build.0 = Release|Any CPU
		{BB998A6A-F61D-4B3E-8278-4EA684585BCE}.Debug|Any CPU.ActiveCfg = Debug|Any CPU
		{BB998A6A-F61D-4B3E-8278-4EA684585BCE}.Debug|Any CPU.Build.0 = Debug|Any CPU
		{BB998A6A-F61D-4B3E-8278-4EA684585BCE}.Debug|arm64.ActiveCfg = Debug|Any CPU
		{BB998A6A-F61D-4B3E-8278-4EA684585BCE}.Debug|arm64.Build.0 = Debug|Any CPU
		{BB998A6A-F61D-4B3E-8278-4EA684585BCE}.Debug|x64.ActiveCfg = Debug|Any CPU
		{BB998A6A-F61D-4B3E-8278-4EA684585BCE}.Debug|x64.Build.0 = Debug|Any CPU
		{BB998A6A-F61D-4B3E-8278-4EA684585BCE}.Debug|x86.ActiveCfg = Debug|Any CPU
		{BB998A6A-F61D-4B3E-8278-4EA684585BCE}.Debug|x86.Build.0 = Debug|Any CPU
		{BB998A6A-F61D-4B3E-8278-4EA684585BCE}.Release|Any CPU.ActiveCfg = Release|Any CPU
		{BB998A6A-F61D-4B3E-8278-4EA684585BCE}.Release|Any CPU.Build.0 = Release|Any CPU
		{BB998A6A-F61D-4B3E-8278-4EA684585BCE}.Release|arm64.ActiveCfg = Release|Any CPU
		{BB998A6A-F61D-4B3E-8278-4EA684585BCE}.Release|arm64.Build.0 = Release|Any CPU
		{BB998A6A-F61D-4B3E-8278-4EA684585BCE}.Release|x64.ActiveCfg = Release|Any CPU
		{BB998A6A-F61D-4B3E-8278-4EA684585BCE}.Release|x64.Build.0 = Release|Any CPU
		{BB998A6A-F61D-4B3E-8278-4EA684585BCE}.Release|x86.ActiveCfg = Release|Any CPU
		{BB998A6A-F61D-4B3E-8278-4EA684585BCE}.Release|x86.Build.0 = Release|Any CPU
	EndGlobalSection
	GlobalSection(SolutionProperties) = preSolution
		HideSolutionNode = FALSE
	EndGlobalSection
	GlobalSection(ExtensibilityGlobals) = postSolution
		SolutionGuid = {CBFDCEAC-6E18-4868-89F1-4703F9485133}
	EndGlobalSection
EndGlobal
